// !$*UTF8*$!
{
	archiveVersion = 1;
	classes = {
	};
	objectVersion = 46;
	objects = {

/* Begin PBXGroup section */
		F7E5C43618BEF1BE0032ED2C = {
			isa = PBXGroup;
			children = (
			);
			sourceTree = "<group>";
		};
/* End PBXGroup section */

/* Begin PBXProject section */
		F7E5C43718BEF1BE0032ED2C /* Project object */ = {
			isa = PBXProject;
			attributes = {
				LastUpgradeCheck = 0500;
			};
			buildConfigurationList = F7E5C43A18BEF1BE0032ED2C /* Build configuration list for PBXProject "tacppd" */;
			compatibilityVersion = "Xcode 3.2";
			developmentRegion = English;
			hasScannedForEncodings = 0;
			knownRegions = (
				en,
			);
			mainGroup = F7E5C43618BEF1BE0032ED2C;
			projectDirPath = "";
			projectRoot = "";
			targets = (
			);
		};
/* End PBXProject section */

/* Begin XCBuildConfiguration section */
		F7E5C43B18BEF1BE0032ED2C /* Debug */ = {
			isa = XCBuildConfiguration;
			buildSettings = {
			};
			name = Debug;
		};
		F7E5C43C18BEF1BE0032ED2C /* Release */ = {
			isa = XCBuildConfiguration;
			buildSettings = {
			};
			name = Release;
		};
/* End XCBuildConfiguration section */

/* Begin XCConfigurationList section */
		F7E5C43A18BEF1BE0032ED2C /* Build configuration list for PBXProject "tacppd" */ = {
			isa = XCConfigurationList;
			buildConfigurations = (
				F7E5C43B18BEF1BE0032ED2C /* Debug */,
				F7E5C43C18BEF1BE0032ED2C /* Release */,
			);
			defaultConfigurationIsVisible = 0;
			defaultConfigurationName = Release;
		};
/* End XCConfigurationList section */
	};
	rootObject = F7E5C43718BEF1BE0032ED2C /* Project object */;
}
